
Microsoft Visual Studio Solution File, Format Version 12.00
# Visual Studio 15
VisualStudioVersion = 15.0.26430.12
MinimumVisualStudioVersion = 10.0.40219.1
Project("{FAE04EC0-301F-11D3-BF4B-00C04F79EFBC}") = "CalculatorService", "CalculatorService\CalculatorService.csproj", "{5FF33E69-5C36-4A4D-8C60-D8F169DA6ABD}"
EndProject
Project("{FAE04EC0-301F-11D3-BF4B-00C04F79EFBC}") = "Client", "Client\Client.csproj", "{198B2825-F2FC-4088-A958-D76849BB7502}"
EndProject
Global
	GlobalSection(SolutionConfigurationPlatforms) = preSolution
		Debug|Any CPU = Debug|Any CPU
		Release|Any CPU = Release|Any CPU
	EndGlobalSection
	GlobalSection(ProjectConfigurationPlatforms) = postSolution
		{5FF33E69-5C36-4A4D-8C60-D8F169DA6ABD}.Debug|Any CPU.ActiveCfg = Debug|Any CPU
		{5FF33E69-5C36-4A4D-8C60-D8F169DA6ABD}.Debug|Any CPU.Build.0 = Debug|Any CPU
		{5FF33E69-5C36-4A4D-8C60-D8F169DA6ABD}.Release|Any CPU.ActiveCfg = Release|Any CPU
		{5FF33E69-5C36-4A4D-8C60-D8F169DA6ABD}.Release|Any CPU.Build.0 = Release|Any CPU
		{198B2825-F2FC-4088-A958-D76849BB7502}.Debug|Any CPU.ActiveCfg = Debug|Any CPU
		{198B2825-F2FC-4088-A958-D76849BB7502}.Debug|Any CPU.Build.0 = Debug|Any CPU
		{198B2825-F2FC-4088-A958-D76849BB7502}.Release|Any CPU.ActiveCfg = Release|Any CPU
		{198B2825-F2FC-4088-A958-D76849BB7502}.Release|Any CPU.Build.0 = Release|Any CPU
	EndGlobalSection
	GlobalSection(SolutionProperties) = preSolution
		HideSolutionNode = FALSE
	EndGlobalSection
EndGlobal
